// !$*UTF8*$!
{
	archiveVersion = 1;
	classes = {
	};
	objectVersion = 50;
	objects = {

/* Begin PBXBuildFile section */
		65D305F3241436CA00F9C361 /* AppDelegate.swift in Sources */ = {isa = PBXBuildFile; fileRef = 65D305F2241436CA00F9C361 /* AppDelegate.swift */; };
		65D305F5241436CA00F9C361 /* SceneDelegate.swift in Sources */ = {isa = PBXBuildFile; fileRef = 65D305F4241436CA00F9C361 /* SceneDelegate.swift */; };
		65D305F7241436CA00F9C361 /* ContentView.swift in Sources */ = {isa = PBXBuildFile; fileRef = 65D305F6241436CA00F9C361 /* ContentView.swift */; };
		65D305F9241436CD00F9C361 /* Assets.xcassets in Resources */ = {isa = PBXBuildFile; fileRef = 65D305F8241436CD00F9C361 /* Assets.xcassets */; };
		65D305FC241436CD00F9C361 /* Preview Assets.xcassets in Resources */ = {isa = PBXBuildFile; fileRef = 65D305FB241436CD00F9C361 /* Preview Assets.xcassets */; };
		65D305FF241436CD00F9C361 /* LaunchScreen.storyboard in Resources */ = {isa = PBXBuildFile; fileRef = 65D305FD241436CD00F9C361 /* LaunchScreen.storyboard */; };
		65D306072415822D00F9C361 /* Constants.swift in Sources */ = {isa = PBXBuildFile; fileRef = 65D306062415822D00F9C361 /* Constants.swift */; };
		65D306092415858700F9C361 /* GeneratorData.swift in Sources */ = {isa = PBXBuildFile; fileRef = 65D306082415858700F9C361 /* GeneratorData.swift */; };
/* End PBXBuildFile section */

/* Begin PBXFileReference section */
		65D305EF241436CA00F9C361 /* PasswordGenerator-in-SwiftUI.app */ = {isa = PBXFileReference; explicitFileType = wrapper.application; includeInIndex = 0; path = "PasswordGenerator-in-SwiftUI.app"; sourceTree = BUILT_PRODUCTS_DIR; };
		65D305F2241436CA00F9C361 /* AppDelegate.swift */ = {isa = PBXFileReference; lastKnownFileType = sourcecode.swift; path = AppDelegate.swift; sourceTree = "<group>"; };
		65D305F4241436CA00F9C361 /* SceneDelegate.swift */ = {isa = PBXFileReference; lastKnownFileType = sourcecode.swift; path = SceneDelegate.swift; sourceTree = "<group>"; };
		65D305F6241436CA00F9C361 /* ContentView.swift */ = {isa = PBXFileReference; lastKnownFileType = sourcecode.swift; path = ContentView.swift; sourceTree = "<group>"; };
		65D305F8241436CD00F9C361 /* Assets.xcassets */ = {isa = PBXFileReference; lastKnownFileType = folder.assetcatalog; path = Assets.xcassets; sourceTree = "<group>"; };
		65D305FB241436CD00F9C361 /* Preview Assets.xcassets */ = {isa = PBXFileReference; lastKnownFileType = folder.assetcatalog; path = "Preview Assets.xcassets"; sourceTree = "<group>"; };
		65D305FE241436CD00F9C361 /* Base */ = {isa = PBXFileReference; lastKnownFileType = file.storyboard; name = Base; path = Base.lproj/LaunchScreen.storyboard; sourceTree = "<group>"; };
		65D30600241436CD00F9C361 /* Info.plist */ = {isa = PBXFileReference; lastKnownFileType = text.plist.xml; path = Info.plist; sourceTree = "<group>"; };
		65D306062415822D00F9C361 /* Constants.swift */ = {isa = PBXFileReference; lastKnownFileType = sourcecode.swift; path = Constants.swift; sourceTree = "<group>"; };
		65D306082415858700F9C361 /* GeneratorData.swift */ = {isa = PBXFileReference; lastKnownFileType = sourcecode.swift; path = GeneratorData.swift; sourceTree = "<group>"; };
/* End PBXFileReference section */

/* Begin PBXFrameworksBuildPhase section */
		65D305EC241436CA00F9C361 /* Frameworks */ = {
			isa = PBXFrameworksBuildPhase;
			buildActionMask = 2147483647;
			files = (
			);
			runOnlyForDeploymentPostprocessing = 0;
		};
/* End PBXFrameworksBuildPhase section */

/* Begin PBXGroup section */
		65D305E6241436CA00F9C361 = {
			isa = PBXGroup;
			children = (
				65D305F1241436CA00F9C361 /* PasswordGenerator-in-SwiftUI */,
				65D305F0241436CA00F9C361 /* Products */,
			);
			sourceTree = "<group>";
		};
		65D305F0241436CA00F9C361 /* Products */ = {
			isa = PBXGroup;
			children = (
				65D305EF241436CA00F9C361 /* PasswordGenerator-in-SwiftUI.app */,
			);
			name = Products;
			sourceTree = "<group>";
		};
		65D305F1241436CA00F9C361 /* PasswordGenerator-in-SwiftUI */ = {
			isa = PBXGroup;
			children = (
				65D305F2241436CA00F9C361 /* AppDelegate.swift */,
				65D305F4241436CA00F9C361 /* SceneDelegate.swift */,
				65D305F6241436CA00F9C361 /* ContentView.swift */,
				65D306082415858700F9C361 /* GeneratorData.swift */,
				65D306062415822D00F9C361 /* Constants.swift */,
				65D305F8241436CD00F9C361 /* Assets.xcassets */,
				65D305FD241436CD00F9C361 /* LaunchScreen.storyboard */,
				65D30600241436CD00F9C361 /* Info.plist */,
				65D305FA241436CD00F9C361 /* Preview Content */,
			);
			path = "PasswordGenerator-in-SwiftUI";
			sourceTree = "<group>";
		};
		65D305FA241436CD00F9C361 /* Preview Content */ = {
			isa = PBXGroup;
			children = (
				65D305FB241436CD00F9C361 /* Preview Assets.xcassets */,
			);
			path = "Preview Content";
			sourceTree = "<group>";
		};
/* End PBXGroup section */

/* Begin PBXNativeTarget section */
		65D305EE241436CA00F9C361 /* PasswordGenerator-in-SwiftUI */ = {
			isa = PBXNativeTarget;
			buildConfigurationList = 65D30603241436CD00F9C361 /* Build configuration list for PBXNativeTarget "PasswordGenerator-in-SwiftUI" */;
			buildPhases = (
				65D305EB241436CA00F9C361 /* Sources */,
				65D305EC241436CA00F9C361 /* Frameworks */,
				65D305ED241436CA00F9C361 /* Resources */,
			);
			buildRules = (
			);
			dependencies = (
			);
			name = "PasswordGenerator-in-SwiftUI";
			productName = "PasswordGenerator-in-SwiftUI";
			productReference = 65D305EF241436CA00F9C361 /* PasswordGenerator-in-SwiftUI.app */;
			productType = "com.apple.product-type.application";
		};
/* End PBXNativeTarget section */

/* Begin PBXProject section */
		65D305E7241436CA00F9C361 /* Project object */ = {
			isa = PBXProject;
			attributes = {
				LastSwiftUpdateCheck = 1130;
				LastUpgradeCheck = 1130;
				ORGANIZATIONNAME = tommy;
				TargetAttributes = {
					65D305EE241436CA00F9C361 = {
						CreatedOnToolsVersion = 11.3.1;
					};
				};
			};
			buildConfigurationList = 65D305EA241436CA00F9C361 /* Build configuration list for PBXProject "PasswordGenerator-in-SwiftUI" */;
			compatibilityVersion = "Xcode 9.3";
			developmentRegion = en;
			hasScannedForEncodings = 0;
			knownRegions = (
				en,
				Base,
			);
			mainGroup = 65D305E6241436CA00F9C361;
			productRefGroup = 65D305F0241436CA00F9C361 /* Products */;
			projectDirPath = "";
			projectRoot = "";
			targets = (
				65D305EE241436CA00F9C361 /* PasswordGenerator-in-SwiftUI */,
			);
		};
/* End PBXProject section */

/* Begin PBXResourcesBuildPhase section */
		65D305ED241436CA00F9C361 /* Resources */ = {
			isa = PBXResourcesBuildPhase;
			buildActionMask = 2147483647;
			files = (
				65D305FF241436CD00F9C361 /* LaunchScreen.storyboard in Resources */,
				65D305FC241436CD00F9C361 /* Preview Assets.xcassets in Resources */,
				65D305F9241436CD00F9C361 /* Assets.xcassets in Resources */,
			);
			runOnlyForDeploymentPostprocessing = 0;
		};
/* End PBXResourcesBuildPhase section */

/* Begin PBXSourcesBuildPhase section */
		65D305EB241436CA00F9C361 /* Sources */ = {
			isa = PBXSourcesBuildPhase;
			buildActionMask = 2147483647;
			files = (
				65D305F3241436CA00F9C361 /* AppDelegate.swift in Sources */,
				65D305F5241436CA00F9C361 /* SceneDelegate.swift in Sources */,
				65D305F7241436CA00F9C361 /* ContentView.swift in Sources */,
				65D306072415822D00F9C361 /* Constants.swift in Sources */,
				65D306092415858700F9C361 /* GeneratorData.swift in Sources */,
			);
			runOnlyForDeploymentPostprocessing = 0;
		};
/* End PBXSourcesBuildPhase section */

/* Begin PBXVariantGroup section */
		65D305FD241436CD00F9C361 /* LaunchScreen.storyboard */ = {
			isa = PBXVariantGroup;
			children = (
				65D305FE241436CD00F9C361 /* Base */,
			);
			name = LaunchScreen.storyboard;
			sourceTree = "<group>";
		};
/* End PBXVariantGroup section */

/* Begin XCBuildConfiguration section */
		65D30601241436CD00F9C361 /* Debug */ = {
			isa = XCBuildConfiguration;
			buildSettings = {
				ALWAYS_SEARCH_USER_PATHS = NO;
				CLANG_ANALYZER_NONNULL = YES;
				CLANG_ANALYZER_NUMBER_OBJECT_CONVERSION = YES_AGGRESSIVE;
				CLANG_CXX_LANGUAGE_STANDARD = "gnu++14";
				CLANG_CXX_LIBRARY = "libc++";
				CLANG_ENABLE_MODULES = YES;
				CLANG_ENABLE_OBJC_ARC = YES;
				CLANG_ENABLE_OBJC_WEAK = YES;
				CLANG_WARN_BLOCK_CAPTURE_AUTORELEASING = YES;
				CLANG_WARN_BOOL_CONVERSION = YES;
				CLANG_WARN_COMMA = YES;
				CLANG_WARN_CONSTANT_CONVERSION = YES;
				CLANG_WARN_DEPRECATED_OBJC_IMPLEMENTATIONS = YES;
				CLANG_WARN_DIRECT_OBJC_ISA_USAGE = YES_ERROR;
				CLANG_WARN_DOCUMENTATION_COMMENTS = YES;
				CLANG_WARN_EMPTY_BODY = YES;
				CLANG_WARN_ENUM_CONVERSION = YES;
				CLANG_WARN_INFINITE_RECURSION = YES;
				CLANG_WARN_INT_CONVERSION = YES;
				CLANG_WARN_NON_LITERAL_NULL_CONVERSION = YES;
				CLANG_WARN_OBJC_IMPLICIT_RETAIN_SELF = YES;
				CLANG_WARN_OBJC_LITERAL_CONVERSION = YES;
				CLANG_WARN_OBJC_ROOT_CLASS = YES_ERROR;
				CLANG_WARN_RANGE_LOOP_ANALYSIS = YES;
				CLANG_WARN_STRICT_PROTOTYPES = YES;
				CLANG_WARN_SUSPICIOUS_MOVE = YES;
				CLANG_WARN_UNGUARDED_AVAILABILITY = YES_AGGRESSIVE;
				CLANG_WARN_UNREACHABLE_CODE = YES;
				CLANG_WARN__DUPLICATE_METHOD_MATCH = YES;
				COPY_PHASE_STRIP = NO;
				DEBUG_INFORMATION_FORMAT = dwarf;
				ENABLE_STRICT_OBJC_MSGSEND = YES;
				ENABLE_TESTABILITY = YES;
				GCC_C_LANGUAGE_STANDARD = gnu11;
				GCC_DYNAMIC_NO_PIC = NO;
				GCC_NO_COMMON_BLOCKS = YES;
				GCC_OPTIMIZATION_LEVEL = 0;
				GCC_PREPROCESSOR_DEFINITIONS = (
					"DEBUG=1",
					"$(inherited)",
				);
				GCC_WARN_64_TO_32_BIT_CONVERSION = YES;
				GCC_WARN_ABOUT_RETURN_TYPE = YES_ERROR;
				GCC_WARN_UNDECLARED_SELECTOR = YES;
				GCC_WARN_UNINITIALIZED_AUTOS = YES_AGGRESSIVE;
				GCC_WARN_UNUSED_FUNCTION = YES;
				GCC_WARN_UNUSED_VARIABLE = YES;
				IPHONEOS_DEPLOYMENT_TARGET = 13.2;
				MTL_ENABLE_DEBUG_INFO = INCLUDE_SOURCE;
				MTL_FAST_MATH = YES;
				ONLY_ACTIVE_ARCH = YES;
				SDKROOT = iphoneos;
				SWIFT_ACTIVE_COMPILATION_CONDITIONS = DEBUG;
				SWIFT_OPTIMIZATION_LEVEL = "-Onone";
			};
			name = Debug;
		};
		65D30602241436CD00F9C361 /* Release */ = {
			isa = XCBuildConfiguration;
			buildSettings = {
				ALWAYS_SEARCH_USER_PATHS = NO;
				CLANG_ANALYZER_NONNULL = YES;
				CLANG_ANALYZER_NUMBER_OBJECT_CONVERSION = YES_AGGRESSIVE;
				CLANG_CXX_LANGUAGE_STANDARD = "gnu++14";
				CLANG_CXX_LIBRARY = "libc++";
				CLANG_ENABLE_MODULES = YES;
				CLANG_ENABLE_OBJC_ARC = YES;
				CLANG_ENABLE_OBJC_WEAK = YES;
				CLANG_WARN_BLOCK_CAPTURE_AUTORELEASING = YES;
				CLANG_WARN_BOOL_CONVERSION = YES;
				CLANG_WARN_COMMA = YES;
				CLANG_WARN_CONSTANT_CONVERSION = YES;
				CLANG_WARN_DEPRECATED_OBJC_IMPLEMENTATIONS = YES;
				CLANG_WARN_DIRECT_OBJC_ISA_USAGE = YES_ERROR;
				CLANG_WARN_DOCUMENTATION_COMMENTS = YES;
				CLANG_WARN_EMPTY_BODY = YES;
				CLANG_WARN_ENUM_CONVERSION = YES;
				CLANG_WARN_INFINITE_RECURSION = YES;
				CLANG_WARN_INT_CONVERSION = YES;
				CLANG_WARN_NON_LITERAL_NULL_CONVERSION = YES;
				CLANG_WARN_OBJC_IMPLICIT_RETAIN_SELF = YES;
				CLANG_WARN_OBJC_LITERAL_CONVERSION = YES;
				CLANG_WARN_OBJC_ROOT_CLASS = YES_ERROR;
				CLANG_WARN_RANGE_LOOP_ANALYSIS = YES;
				CLANG_WARN_STRICT_PROTOTYPES = YES;
				CLANG_WARN_SUSPICIOUS_MOVE = YES;
				CLANG_WARN_UNGUARDED_AVAILABILITY = YES_AGGRESSIVE;
				CLANG_WARN_UNREACHABLE_CODE = YES;
				CLANG_WARN__DUPLICATE_METHOD_MATCH = YES;
				COPY_PHASE_STRIP = NO;
				DEBUG_INFORMATION_FORMAT = "dwarf-with-dsym";
				ENABLE_NS_ASSERTIONS = NO;
				ENABLE_STRICT_OBJC_MSGSEND = YES;
				GCC_C_LANGUAGE_STANDARD = gnu11;
				GCC_NO_COMMON_BLOCKS = YES;
				GCC_WARN_64_TO_32_BIT_CONVERSION = YES;
				GCC_WARN_ABOUT_RETURN_TYPE = YES_ERROR;
				GCC_WARN_UNDECLARED_SELECTOR = YES;
				GCC_WARN_UNINITIALIZED_AUTOS = YES_AGGRESSIVE;
				GCC_WARN_UNUSED_FUNCTION = YES;
				GCC_WARN_UNUSED_VARIABLE = YES;
				IPHONEOS_DEPLOYMENT_TARGET = 13.2;
				MTL_ENABLE_DEBUG_INFO = NO;
				MTL_FAST_MATH = YES;
				SDKROOT = iphoneos;
				SWIFT_COMPILATION_MODE = wholemodule;
				SWIFT_OPTIMIZATION_LEVEL = "-O";
				VALIDATE_PRODUCT = YES;
			};
			name = Release;
		};
		65D30604241436CD00F9C361 /* Debug */ = {
			isa = XCBuildConfiguration;
			buildSettings = {
				ASSETCATALOG_COMPILER_APPICON_NAME = AppIcon;
				CODE_SIGN_STYLE = Automatic;
				DEVELOPMENT_ASSET_PATHS = "\"PasswordGenerator-in-SwiftUI/Preview Content\"";
				DEVELOPMENT_TEAM = TRUM7MLYVH;
				ENABLE_PREVIEWS = YES;
				INFOPLIST_FILE = "PasswordGenerator-in-SwiftUI/Info.plist";
				LD_RUNPATH_SEARCH_PATHS = (
					"$(inherited)",
					"@executable_path/Frameworks",
				);
				PRODUCT_BUNDLE_IDENTIFIER = "com.isamutom27.PasswordGenerator-in-SwiftUI";
				PRODUCT_NAME = "$(TARGET_NAME)";
				SWIFT_VERSION = 5.0;
				TARGETED_DEVICE_FAMILY = "1,2";
			};
			name = Debug;
		};
		65D30605241436CD00F9C361 /* Release */ = {
			isa = XCBuildConfiguration;
			buildSettings = {
				ASSETCATALOG_COMPILER_APPICON_NAME = AppIcon;
				CODE_SIGN_STYLE = Automatic;
				DEVELOPMENT_ASSET_PATHS = "\"PasswordGenerator-in-SwiftUI/Preview Content\"";
				DEVELOPMENT_TEAM = TRUM7MLYVH;
				ENABLE_PREVIEWS = YES;
				INFOPLIST_FILE = "PasswordGenerator-in-SwiftUI/Info.plist";
				LD_RUNPATH_SEARCH_PATHS = (
					"$(inherited)",
					"@executable_path/Frameworks",
				);
				PRODUCT_BUNDLE_IDENTIFIER = "com.isamutom27.PasswordGenerator-in-SwiftUI";
				PRODUCT_NAME = "$(TARGET_NAME)";
				SWIFT_VERSION = 5.0;
				TARGETED_DEVICE_FAMILY = "1,2";
			};
			name = Release;
		};
/* End XCBuildConfiguration section */

/* Begin XCConfigurationList section */
		65D305EA241436CA00F9C361 /* Build configuration list for PBXProject "PasswordGenerator-in-SwiftUI" */ = {
			isa = XCConfigurationList;
			buildConfigurations = (
				65D30601241436CD00F9C361 /* Debug */,
				65D30602241436CD00F9C361 /* Release */,
			);
			defaultConfigurationIsVisible = 0;
			defaultConfigurationName = Release;
		};
		65D30603241436CD00F9C361 /* Build configuration list for PBXNativeTarget "PasswordGenerator-in-SwiftUI" */ = {
			isa = XCConfigurationList;
			buildConfigurations = (
				65D30604241436CD00F9C361 /* Debug */,
				65D30605241436CD00F9C361 /* Release */,
			);
			defaultConfigurationIsVisible = 0;
			defaultConfigurationName = Release;
		};
/* End XCConfigurationList section */
	};
	rootObject = 65D305E7241436CA00F9C361 /* Project object */;
}
